
Microsoft Visual Studio Solution File, Format Version 11.00
# Visual Studio 2010
Project("{FAE04EC0-301F-11D3-BF4B-00C04F79EFBC}") = "BUAA -Four", "Assembly-CSharp.csproj", "{EDBFEA7B-B215-E306-A333-76E262F0E8B2}"
EndProject
Project("{FAE04EC0-301F-11D3-BF4B-00C04F79EFBC}") = "BUAA -Four", "Assembly-CSharp-Editor.csproj", "{62A3DD40-4529-E217-076E-251E6F87345A}"
EndProject
Global
	GlobalSection(SolutionConfigurationPlatforms) = preSolution
		Debug|Any CPU = Debug|Any CPU
		Release|Any CPU = Release|Any CPU
	EndGlobalSection
	GlobalSection(ProjectConfigurationPlatforms) = postSolution
		{EDBFEA7B-B215-E306-A333-76E262F0E8B2}.Debug|Any CPU.ActiveCfg = Debug|Any CPU
		{EDBFEA7B-B215-E306-A333-76E262F0E8B2}.Debug|Any CPU.Build.0 = Debug|Any CPU
		{EDBFEA7B-B215-E306-A333-76E262F0E8B2}.Release|Any CPU.ActiveCfg = Release|Any CPU
		{EDBFEA7B-B215-E306-A333-76E262F0E8B2}.Release|Any CPU.Build.0 = Release|Any CPU
		{62A3DD40-4529-E217-076E-251E6F87345A}.Debug|Any CPU.ActiveCfg = Debug|Any CPU
		{62A3DD40-4529-E217-076E-251E6F87345A}.Debug|Any CPU.Build.0 = Debug|Any CPU
		{62A3DD40-4529-E217-076E-251E6F87345A}.Release|Any CPU.ActiveCfg = Release|Any CPU
		{62A3DD40-4529-E217-076E-251E6F87345A}.Release|Any CPU.Build.0 = Release|Any CPU
	EndGlobalSection
	GlobalSection(SolutionProperties) = preSolution
		HideSolutionNode = FALSE
	EndGlobalSection
	GlobalSection(MonoDevelopProperties) = preSolution
		StartupItem = Assembly-CSharp.csproj
	EndGlobalSection
EndGlobal
