
Microsoft Visual Studio Solution File, Format Version 12.00
# Visual Studio 2013
Project("{FAE04EC0-301F-11D3-BF4B-00C04F79EFBC}") = "zuhe16zhongsuiji(c).CSharp", "zuhe16zhongsuiji(c).CSharp.csproj", "{23CEE57D-99DD-DF99-BD55-E2A9D8B6A9A6}"
EndProject
Project("{FAE04EC0-301F-11D3-BF4B-00C04F79EFBC}") = "zuhe16zhongsuiji(c).CSharp.Editor", "zuhe16zhongsuiji(c).CSharp.Editor.csproj", "{F072CD81-6A0F-ADFC-0FC4-6ABAFF7FF652}"
EndProject
Global
	GlobalSection(SolutionConfigurationPlatforms) = preSolution
		Debug|Any CPU = Debug|Any CPU
		Release|Any CPU = Release|Any CPU
	EndGlobalSection
	GlobalSection(ProjectConfigurationPlatforms) = postSolution
		{23CEE57D-99DD-DF99-BD55-E2A9D8B6A9A6}.Debug|Any CPU.ActiveCfg = Debug|Any CPU
		{23CEE57D-99DD-DF99-BD55-E2A9D8B6A9A6}.Debug|Any CPU.Build.0 = Debug|Any CPU
		{23CEE57D-99DD-DF99-BD55-E2A9D8B6A9A6}.Release|Any CPU.ActiveCfg = Release|Any CPU
		{23CEE57D-99DD-DF99-BD55-E2A9D8B6A9A6}.Release|Any CPU.Build.0 = Release|Any CPU
		{F072CD81-6A0F-ADFC-0FC4-6ABAFF7FF652}.Debug|Any CPU.ActiveCfg = Debug|Any CPU
		{F072CD81-6A0F-ADFC-0FC4-6ABAFF7FF652}.Debug|Any CPU.Build.0 = Debug|Any CPU
		{F072CD81-6A0F-ADFC-0FC4-6ABAFF7FF652}.Release|Any CPU.ActiveCfg = Release|Any CPU
		{F072CD81-6A0F-ADFC-0FC4-6ABAFF7FF652}.Release|Any CPU.Build.0 = Release|Any CPU
	EndGlobalSection
	GlobalSection(SolutionProperties) = preSolution
		HideSolutionNode = FALSE
	EndGlobalSection
EndGlobal
