
Microsoft Visual Studio Solution File, Format Version 12.00
# Visual Studio 2013
Project("{FAE04EC0-301F-11D3-BF4B-00C04F79EFBC}") = "zuhe16zhongsuiji(a).CSharp", "zuhe16zhongsuiji(a).CSharp.csproj", "{D67BEDA1-EA8E-9B0D-3C81-7547C5385C91}"
EndProject
Project("{FAE04EC0-301F-11D3-BF4B-00C04F79EFBC}") = "zuhe16zhongsuiji(a).CSharp.Editor", "zuhe16zhongsuiji(a).CSharp.Editor.csproj", "{02F9BE6A-953A-F024-3D39-69BF887A635F}"
EndProject
Global
	GlobalSection(SolutionConfigurationPlatforms) = preSolution
		Debug|Any CPU = Debug|Any CPU
		Release|Any CPU = Release|Any CPU
	EndGlobalSection
	GlobalSection(ProjectConfigurationPlatforms) = postSolution
		{D67BEDA1-EA8E-9B0D-3C81-7547C5385C91}.Debug|Any CPU.ActiveCfg = Debug|Any CPU
		{D67BEDA1-EA8E-9B0D-3C81-7547C5385C91}.Debug|Any CPU.Build.0 = Debug|Any CPU
		{D67BEDA1-EA8E-9B0D-3C81-7547C5385C91}.Release|Any CPU.ActiveCfg = Release|Any CPU
		{D67BEDA1-EA8E-9B0D-3C81-7547C5385C91}.Release|Any CPU.Build.0 = Release|Any CPU
		{02F9BE6A-953A-F024-3D39-69BF887A635F}.Debug|Any CPU.ActiveCfg = Debug|Any CPU
		{02F9BE6A-953A-F024-3D39-69BF887A635F}.Debug|Any CPU.Build.0 = Debug|Any CPU
		{02F9BE6A-953A-F024-3D39-69BF887A635F}.Release|Any CPU.ActiveCfg = Release|Any CPU
		{02F9BE6A-953A-F024-3D39-69BF887A635F}.Release|Any CPU.Build.0 = Release|Any CPU
	EndGlobalSection
	GlobalSection(SolutionProperties) = preSolution
		HideSolutionNode = FALSE
	EndGlobalSection
EndGlobal
